
Microsoft Visual Studio Solution File, Format Version 12.00
# Visual Studio Version 17
VisualStudioVersion = 17.0.32126.317
MinimumVisualStudioVersion = 10.0.40219.1
Project("{FAE04EC0-301F-11D3-BF4B-00C04F79EFBC}") = "TicTacToe", "TicTacToe.csproj", "{6A7D6451-E2A1-4079-99E3-46213156F7F2}"
EndProject
Global
	GlobalSection(SolutionConfigurationPlatforms) = preSolution
		Debug|Any CPU = Debug|Any CPU
		Release|Any CPU = Release|Any CPU
	EndGlobalSection
	GlobalSection(ProjectConfigurationPlatforms) = postSolution
		{6A7D6451-E2A1-4079-99E3-46213156F7F2}.Debug|Any CPU.ActiveCfg = Debug|Any CPU
		{6A7D6451-E2A1-4079-99E3-46213156F7F2}.Debug|Any CPU.Build.0 = Debug|Any CPU
		{6A7D6451-E2A1-4079-99E3-46213156F7F2}.Release|Any CPU.ActiveCfg = Release|Any CPU
		{6A7D6451-E2A1-4079-99E3-46213156F7F2}.Release|Any CPU.Build.0 = Release|Any CPU
	EndGlobalSection
	GlobalSection(SolutionProperties) = preSolution
		HideSolutionNode = FALSE
	EndGlobalSection
	GlobalSection(ExtensibilityGlobals) = postSolution
		SolutionGuid = {06C9D1F7-8698-4B20-9D55-A1A3515385EF}
	EndGlobalSection
EndGlobal
